{
  "name": "euler",
  "version": "1.0.0",
  "lockfileVersion": 1,
  "requires": true,
  "dependencies": {
    "@types/ramda": {
      "version": "0.26.33",
      "resolved": "https://registry.npm.taobao.org/@types/ramda/download/@types/ramda-0.26.33.tgz",
      "integrity": "sha1-X9HyI4HM+ROjYnvrFvRo+1f4LZQ=",
      "requires": {
        "ts-toolbelt": "^4.7.7"
      }
    },
    "fs": {
      "version": "0.0.1-security",
      "resolved": "https://registry.npm.taobao.org/fs/download/fs-0.0.1-security.tgz",
      "integrity": "sha1-invTcYa23d84E/I4WLV+yq9eQdQ="
    },
    "ramda": {
      "version": "0.26.1",
      "resolved": "https://registry.npm.taobao.org/ramda/download/ramda-0.26.1.tgz",
      "integrity": "sha1-jUE1HrgRHFU1Nhf8O7/62OTTXQY="
    },
    "ts-toolbelt": {
      "version": "4.8.22",
      "resolved": "https://registry.npm.taobao.org/ts-toolbelt/download/ts-toolbelt-4.8.22.tgz",
      "integrity": "sha1-1/FaXTVZSvYpyhCuiQwe3twQ1mI="
    }
  }
}
